
Microsoft Visual Studio Solution File, Format Version 12.00
# Visual Studio Version 16
VisualStudioVersion = 16.0.30517.126
MinimumVisualStudioVersion = 10.0.40219.1
Project("{FAE04EC0-301F-11D3-BF4B-00C04F79EFBC}") = "APITestRun", "APITestRun\APITestRun.csproj", "{B2E24F8F-3ECA-4AF7-A39C-B47C4BD60DFF}"
EndProject
Global
	GlobalSection(SolutionConfigurationPlatforms) = preSolution
		Debug|Any CPU = Debug|Any CPU
		Release|Any CPU = Release|Any CPU
	EndGlobalSection
	GlobalSection(ProjectConfigurationPlatforms) = postSolution
		{B2E24F8F-3ECA-4AF7-A39C-B47C4BD60DFF}.Debug|Any CPU.ActiveCfg = Debug|Any CPU
		{B2E24F8F-3ECA-4AF7-A39C-B47C4BD60DFF}.Debug|Any CPU.Build.0 = Debug|Any CPU
		{B2E24F8F-3ECA-4AF7-A39C-B47C4BD60DFF}.Release|Any CPU.ActiveCfg = Release|Any CPU
		{B2E24F8F-3ECA-4AF7-A39C-B47C4BD60DFF}.Release|Any CPU.Build.0 = Release|Any CPU
	EndGlobalSection
	GlobalSection(SolutionProperties) = preSolution
		HideSolutionNode = FALSE
	EndGlobalSection
	GlobalSection(ExtensibilityGlobals) = postSolution
		SolutionGuid = {8EF6980C-4F1D-448B-8644-7D55C08A36CF}
	EndGlobalSection
EndGlobal
